
Microsoft Visual Studio Solution File, Format Version 12.00
# Visual Studio 14
VisualStudioVersion = 14.0.23107.0
MinimumVisualStudioVersion = 10.0.40219.1
Project("{8BC9CEB8-8B4A-11D0-8D11-00A0C91BC942}") = "GodFrame-V2", "GodFrame-V2\GodFrame-V2.vcxproj", "{8F2C1B1D-F201-4263-A2D7-34EB3B7E5CDE}"
EndProject
Project("{8BC9CEB8-8B4A-11D0-8D11-00A0C91BC942}") = "GodFrame-V2-App", "GodFrame-V2-App\GodFrame-V2-App.vcxproj", "{18357512-20BE-4DBD-AE29-793D628FA995}"
	ProjectSection(ProjectDependencies) = postProject
		{8F2C1B1D-F201-4263-A2D7-34EB3B7E5CDE} = {8F2C1B1D-F201-4263-A2D7-34EB3B7E5CDE}
	EndProjectSection
EndProject
Project("{8BC9CEB8-8B4A-11D0-8D11-00A0C91BC942}") = "Rendering Geometry", "Rendering Geometry\Rendering Geometry.vcxproj", "{F8D1FF41-BB3C-4347-A433-A487BFB699CA}"
	ProjectSection(ProjectDependencies) = postProject
		{8F2C1B1D-F201-4263-A2D7-34EB3B7E5CDE} = {8F2C1B1D-F201-4263-A2D7-34EB3B7E5CDE}
	EndProjectSection
EndProject
Project("{8BC9CEB8-8B4A-11D0-8D11-00A0C91BC942}") = "Loading OBJ Models", "Loading OBJ Models\Loading OBJ Models.vcxproj", "{7478C51F-EAF0-4F42-9DF4-0A5722FF1410}"
	ProjectSection(ProjectDependencies) = postProject
		{8F2C1B1D-F201-4263-A2D7-34EB3B7E5CDE} = {8F2C1B1D-F201-4263-A2D7-34EB3B7E5CDE}
	EndProjectSection
EndProject
Project("{8BC9CEB8-8B4A-11D0-8D11-00A0C91BC942}") = "Rendering Textures", "Rendering Textures\Rendering Textures.vcxproj", "{B20B31F9-CE25-48D5-A03D-C7592EBBF948}"
	ProjectSection(ProjectDependencies) = postProject
		{8F2C1B1D-F201-4263-A2D7-34EB3B7E5CDE} = {8F2C1B1D-F201-4263-A2D7-34EB3B7E5CDE}
	EndProjectSection
EndProject
Project("{8BC9CEB8-8B4A-11D0-8D11-00A0C91BC942}") = "Loading FBX", "Loading FBX\Loading FBX.vcxproj", "{E90D09D2-1171-4132-9A00-CDAC9152B153}"
	ProjectSection(ProjectDependencies) = postProject
		{8F2C1B1D-F201-4263-A2D7-34EB3B7E5CDE} = {8F2C1B1D-F201-4263-A2D7-34EB3B7E5CDE}
	EndProjectSection
EndProject
Global
	GlobalSection(SolutionConfigurationPlatforms) = preSolution
		Debug|x64 = Debug|x64
		Debug|x86 = Debug|x86
		Release|x64 = Release|x64
		Release|x86 = Release|x86
	EndGlobalSection
	GlobalSection(ProjectConfigurationPlatforms) = postSolution
		{8F2C1B1D-F201-4263-A2D7-34EB3B7E5CDE}.Debug|x64.ActiveCfg = Debug|x64
		{8F2C1B1D-F201-4263-A2D7-34EB3B7E5CDE}.Debug|x64.Build.0 = Debug|x64
		{8F2C1B1D-F201-4263-A2D7-34EB3B7E5CDE}.Debug|x86.ActiveCfg = Debug|Win32
		{8F2C1B1D-F201-4263-A2D7-34EB3B7E5CDE}.Debug|x86.Build.0 = Debug|Win32
		{8F2C1B1D-F201-4263-A2D7-34EB3B7E5CDE}.Release|x64.ActiveCfg = Release|x64
		{8F2C1B1D-F201-4263-A2D7-34EB3B7E5CDE}.Release|x64.Build.0 = Release|x64
		{8F2C1B1D-F201-4263-A2D7-34EB3B7E5CDE}.Release|x86.ActiveCfg = Release|Win32
		{8F2C1B1D-F201-4263-A2D7-34EB3B7E5CDE}.Release|x86.Build.0 = Release|Win32
		{18357512-20BE-4DBD-AE29-793D628FA995}.Debug|x64.ActiveCfg = Debug|x64
		{18357512-20BE-4DBD-AE29-793D628FA995}.Debug|x64.Build.0 = Debug|x64
		{18357512-20BE-4DBD-AE29-793D628FA995}.Debug|x86.ActiveCfg = Debug|Win32
		{18357512-20BE-4DBD-AE29-793D628FA995}.Debug|x86.Build.0 = Debug|Win32
		{18357512-20BE-4DBD-AE29-793D628FA995}.Release|x64.ActiveCfg = Release|x64
		{18357512-20BE-4DBD-AE29-793D628FA995}.Release|x64.Build.0 = Release|x64
		{18357512-20BE-4DBD-AE29-793D628FA995}.Release|x86.ActiveCfg = Release|Win32
		{18357512-20BE-4DBD-AE29-793D628FA995}.Release|x86.Build.0 = Release|Win32
		{F8D1FF41-BB3C-4347-A433-A487BFB699CA}.Debug|x64.ActiveCfg = Debug|x64
		{F8D1FF41-BB3C-4347-A433-A487BFB699CA}.Debug|x64.Build.0 = Debug|x64
		{F8D1FF41-BB3C-4347-A433-A487BFB699CA}.Debug|x86.ActiveCfg = Debug|Win32
		{F8D1FF41-BB3C-4347-A433-A487BFB699CA}.Debug|x86.Build.0 = Debug|Win32
		{F8D1FF41-BB3C-4347-A433-A487BFB699CA}.Release|x64.ActiveCfg = Release|x64
		{F8D1FF41-BB3C-4347-A433-A487BFB699CA}.Release|x64.Build.0 = Release|x64
		{F8D1FF41-BB3C-4347-A433-A487BFB699CA}.Release|x86.ActiveCfg = Release|Win32
		{F8D1FF41-BB3C-4347-A433-A487BFB699CA}.Release|x86.Build.0 = Release|Win32
		{7478C51F-EAF0-4F42-9DF4-0A5722FF1410}.Debug|x64.ActiveCfg = Debug|x64
		{7478C51F-EAF0-4F42-9DF4-0A5722FF1410}.Debug|x64.Build.0 = Debug|x64
		{7478C51F-EAF0-4F42-9DF4-0A5722FF1410}.Debug|x86.ActiveCfg = Debug|Win32
		{7478C51F-EAF0-4F42-9DF4-0A5722FF1410}.Debug|x86.Build.0 = Debug|Win32
		{7478C51F-EAF0-4F42-9DF4-0A5722FF1410}.Release|x64.ActiveCfg = Release|x64
		{7478C51F-EAF0-4F42-9DF4-0A5722FF1410}.Release|x64.Build.0 = Release|x64
		{7478C51F-EAF0-4F42-9DF4-0A5722FF1410}.Release|x86.ActiveCfg = Release|Win32
		{7478C51F-EAF0-4F42-9DF4-0A5722FF1410}.Release|x86.Build.0 = Release|Win32
		{B20B31F9-CE25-48D5-A03D-C7592EBBF948}.Debug|x64.ActiveCfg = Debug|x64
		{B20B31F9-CE25-48D5-A03D-C7592EBBF948}.Debug|x64.Build.0 = Debug|x64
		{B20B31F9-CE25-48D5-A03D-C7592EBBF948}.Debug|x86.ActiveCfg = Debug|Win32
		{B20B31F9-CE25-48D5-A03D-C7592EBBF948}.Debug|x86.Build.0 = Debug|Win32
		{B20B31F9-CE25-48D5-A03D-C7592EBBF948}.Release|x64.ActiveCfg = Release|x64
		{B20B31F9-CE25-48D5-A03D-C7592EBBF948}.Release|x64.Build.0 = Release|x64
		{B20B31F9-CE25-48D5-A03D-C7592EBBF948}.Release|x86.ActiveCfg = Release|Win32
		{B20B31F9-CE25-48D5-A03D-C7592EBBF948}.Release|x86.Build.0 = Release|Win32
		{E90D09D2-1171-4132-9A00-CDAC9152B153}.Debug|x64.ActiveCfg = Debug|x64
		{E90D09D2-1171-4132-9A00-CDAC9152B153}.Debug|x64.Build.0 = Debug|x64
		{E90D09D2-1171-4132-9A00-CDAC9152B153}.Debug|x86.ActiveCfg = Debug|Win32
		{E90D09D2-1171-4132-9A00-CDAC9152B153}.Debug|x86.Build.0 = Debug|Win32
		{E90D09D2-1171-4132-9A00-CDAC9152B153}.Release|x64.ActiveCfg = Release|x64
		{E90D09D2-1171-4132-9A00-CDAC9152B153}.Release|x64.Build.0 = Release|x64
		{E90D09D2-1171-4132-9A00-CDAC9152B153}.Release|x86.ActiveCfg = Release|Win32
		{E90D09D2-1171-4132-9A00-CDAC9152B153}.Release|x86.Build.0 = Release|Win32
	EndGlobalSection
	GlobalSection(SolutionProperties) = preSolution
		HideSolutionNode = FALSE
	EndGlobalSection
EndGlobal
